
Microsoft Visual Studio Solution File, Format Version 12.00
# Visual Studio Version 16
VisualStudioVersion = 16.0.31624.102
MinimumVisualStudioVersion = 10.0.40219.1
Project("{8BC9CEB8-8B4A-11D0-8D11-00A0C91BC942}") = "Sample505", "Sample505\Sample505.vcxproj", "{E47BF932-CE9F-4988-962B-6415E36DAED1}"
EndProject
Global
	GlobalSection(SolutionConfigurationPlatforms) = preSolution
		Debug|x64 = Debug|x64
		Debug|x86 = Debug|x86
		Release|x64 = Release|x64
		Release|x86 = Release|x86
	EndGlobalSection
	GlobalSection(ProjectConfigurationPlatforms) = postSolution
		{E47BF932-CE9F-4988-962B-6415E36DAED1}.Debug|x64.ActiveCfg = Debug|x64
		{E47BF932-CE9F-4988-962B-6415E36DAED1}.Debug|x64.Build.0 = Debug|x64
		{E47BF932-CE9F-4988-962B-6415E36DAED1}.Debug|x86.ActiveCfg = Debug|Win32
		{E47BF932-CE9F-4988-962B-6415E36DAED1}.Debug|x86.Build.0 = Debug|Win32
		{E47BF932-CE9F-4988-962B-6415E36DAED1}.Release|x64.ActiveCfg = Release|x64
		{E47BF932-CE9F-4988-962B-6415E36DAED1}.Release|x64.Build.0 = Release|x64
		{E47BF932-CE9F-4988-962B-6415E36DAED1}.Release|x86.ActiveCfg = Release|Win32
		{E47BF932-CE9F-4988-962B-6415E36DAED1}.Release|x86.Build.0 = Release|Win32
	EndGlobalSection
	GlobalSection(SolutionProperties) = preSolution
		HideSolutionNode = FALSE
	EndGlobalSection
	GlobalSection(ExtensibilityGlobals) = postSolution
		SolutionGuid = {EC5F567C-17D2-4214-B8A0-1685A690FFA6}
	EndGlobalSection
EndGlobal
