
Microsoft Visual Studio Solution File, Format Version 12.00
# Visual Studio Version 16
VisualStudioVersion = 16.0.31624.102
MinimumVisualStudioVersion = 10.0.40219.1
Project("{8BC9CEB8-8B4A-11D0-8D11-00A0C91BC942}") = "Ex701", "Ex701\Ex701.vcxproj", "{53CE284E-15DC-425F-96A0-C04317B7849A}"
EndProject
Global
	GlobalSection(SolutionConfigurationPlatforms) = preSolution
		Debug|x64 = Debug|x64
		Debug|x86 = Debug|x86
		Release|x64 = Release|x64
		Release|x86 = Release|x86
	EndGlobalSection
	GlobalSection(ProjectConfigurationPlatforms) = postSolution
		{53CE284E-15DC-425F-96A0-C04317B7849A}.Debug|x64.ActiveCfg = Debug|x64
		{53CE284E-15DC-425F-96A0-C04317B7849A}.Debug|x64.Build.0 = Debug|x64
		{53CE284E-15DC-425F-96A0-C04317B7849A}.Debug|x86.ActiveCfg = Debug|Win32
		{53CE284E-15DC-425F-96A0-C04317B7849A}.Debug|x86.Build.0 = Debug|Win32
		{53CE284E-15DC-425F-96A0-C04317B7849A}.Release|x64.ActiveCfg = Release|x64
		{53CE284E-15DC-425F-96A0-C04317B7849A}.Release|x64.Build.0 = Release|x64
		{53CE284E-15DC-425F-96A0-C04317B7849A}.Release|x86.ActiveCfg = Release|Win32
		{53CE284E-15DC-425F-96A0-C04317B7849A}.Release|x86.Build.0 = Release|Win32
	EndGlobalSection
	GlobalSection(SolutionProperties) = preSolution
		HideSolutionNode = FALSE
	EndGlobalSection
	GlobalSection(ExtensibilityGlobals) = postSolution
		SolutionGuid = {154E83DE-6BA7-42A8-BD99-E0F30A59CB1D}
	EndGlobalSection
EndGlobal
