
Microsoft Visual Studio Solution File, Format Version 12.00
# Visual Studio Version 16
VisualStudioVersion = 16.0.31624.102
MinimumVisualStudioVersion = 10.0.40219.1
Project("{8BC9CEB8-8B4A-11D0-8D11-00A0C91BC942}") = "Sample403", "Sample403\Sample403.vcxproj", "{BD5B0FF2-B924-401B-A673-45EE24FC0E70}"
EndProject
Global
	GlobalSection(SolutionConfigurationPlatforms) = preSolution
		Debug|x64 = Debug|x64
		Debug|x86 = Debug|x86
		Release|x64 = Release|x64
		Release|x86 = Release|x86
	EndGlobalSection
	GlobalSection(ProjectConfigurationPlatforms) = postSolution
		{BD5B0FF2-B924-401B-A673-45EE24FC0E70}.Debug|x64.ActiveCfg = Debug|x64
		{BD5B0FF2-B924-401B-A673-45EE24FC0E70}.Debug|x64.Build.0 = Debug|x64
		{BD5B0FF2-B924-401B-A673-45EE24FC0E70}.Debug|x86.ActiveCfg = Debug|Win32
		{BD5B0FF2-B924-401B-A673-45EE24FC0E70}.Debug|x86.Build.0 = Debug|Win32
		{BD5B0FF2-B924-401B-A673-45EE24FC0E70}.Release|x64.ActiveCfg = Release|x64
		{BD5B0FF2-B924-401B-A673-45EE24FC0E70}.Release|x64.Build.0 = Release|x64
		{BD5B0FF2-B924-401B-A673-45EE24FC0E70}.Release|x86.ActiveCfg = Release|Win32
		{BD5B0FF2-B924-401B-A673-45EE24FC0E70}.Release|x86.Build.0 = Release|Win32
	EndGlobalSection
	GlobalSection(SolutionProperties) = preSolution
		HideSolutionNode = FALSE
	EndGlobalSection
	GlobalSection(ExtensibilityGlobals) = postSolution
		SolutionGuid = {5DAC414B-1D5C-433A-8F28-1A113B2AF5CD}
	EndGlobalSection
EndGlobal
