
Microsoft Visual Studio Solution File, Format Version 12.00
# Visual Studio Version 16
VisualStudioVersion = 16.0.31624.102
MinimumVisualStudioVersion = 10.0.40219.1
Project("{8BC9CEB8-8B4A-11D0-8D11-00A0C91BC942}") = "Sample702", "Sample702\Sample702.vcxproj", "{76F5068F-AF8F-4D6C-B80C-D9C058857E6A}"
EndProject
Global
	GlobalSection(SolutionConfigurationPlatforms) = preSolution
		Debug|x64 = Debug|x64
		Debug|x86 = Debug|x86
		Release|x64 = Release|x64
		Release|x86 = Release|x86
	EndGlobalSection
	GlobalSection(ProjectConfigurationPlatforms) = postSolution
		{76F5068F-AF8F-4D6C-B80C-D9C058857E6A}.Debug|x64.ActiveCfg = Debug|x64
		{76F5068F-AF8F-4D6C-B80C-D9C058857E6A}.Debug|x64.Build.0 = Debug|x64
		{76F5068F-AF8F-4D6C-B80C-D9C058857E6A}.Debug|x86.ActiveCfg = Debug|Win32
		{76F5068F-AF8F-4D6C-B80C-D9C058857E6A}.Debug|x86.Build.0 = Debug|Win32
		{76F5068F-AF8F-4D6C-B80C-D9C058857E6A}.Release|x64.ActiveCfg = Release|x64
		{76F5068F-AF8F-4D6C-B80C-D9C058857E6A}.Release|x64.Build.0 = Release|x64
		{76F5068F-AF8F-4D6C-B80C-D9C058857E6A}.Release|x86.ActiveCfg = Release|Win32
		{76F5068F-AF8F-4D6C-B80C-D9C058857E6A}.Release|x86.Build.0 = Release|Win32
	EndGlobalSection
	GlobalSection(SolutionProperties) = preSolution
		HideSolutionNode = FALSE
	EndGlobalSection
	GlobalSection(ExtensibilityGlobals) = postSolution
		SolutionGuid = {48BF3903-0F03-423E-A758-CF019C9AB7AC}
	EndGlobalSection
EndGlobal
